// !$*UTF8*$!
{
	archiveVersion = 1;
	classes = {
	};
	objectVersion = 55;
	objects = {

/* Begin PBXBuildFile section */
		50B9DE9B9D431CA8CC2C85F1 /* Pods_Seventhproject.framework in Frameworks */ = {isa = PBXBuildFile; fileRef = 263FDDF62CF1D9EF5235F734 /* Pods_Seventhproject.framework */; };
		BF9FF8C627E4E7CA00586AB7 /* Localizable.strings in Resources */ = {isa = PBXBuildFile; fileRef = BF9FF8C827E4E7CA00586AB7 /* Localizable.strings */; };
		BF9FF8CB27E50B8F00586AB7 /* Constants.swift in Sources */ = {isa = PBXBuildFile; fileRef = BF9FF8CA27E50B8F00586AB7 /* Constants.swift */; };
		BF9FF8D027E51C8D00586AB7 /* UIImageViewExtension.swift in Sources */ = {isa = PBXBuildFile; fileRef = BF9FF8CF27E51C8D00586AB7 /* UIImageViewExtension.swift */; };
		BFA078DD27E01122007B02B5 /* AppDelegate.swift in Sources */ = {isa = PBXBuildFile; fileRef = BFA078DC27E01122007B02B5 /* AppDelegate.swift */; };
		BFA078DF27E01122007B02B5 /* SceneDelegate.swift in Sources */ = {isa = PBXBuildFile; fileRef = BFA078DE27E01122007B02B5 /* SceneDelegate.swift */; };
		BFA078E127E01122007B02B5 /* RequestViewController.swift in Sources */ = {isa = PBXBuildFile; fileRef = BFA078E027E01122007B02B5 /* RequestViewController.swift */; };
		BFA078E627E01127007B02B5 /* Assets.xcassets in Resources */ = {isa = PBXBuildFile; fileRef = BFA078E527E01127007B02B5 /* Assets.xcassets */; };
		BFA078E927E01127007B02B5 /* LaunchScreen.storyboard in Resources */ = {isa = PBXBuildFile; fileRef = BFA078E727E01127007B02B5 /* LaunchScreen.storyboard */; };
		BFA078F127E21DA3007B02B5 /* TextNumericTypeTableViewCell.swift in Sources */ = {isa = PBXBuildFile; fileRef = BFA078F027E21DA2007B02B5 /* TextNumericTypeTableViewCell.swift */; };
		BFA078F327E22A09007B02B5 /* API.swift in Sources */ = {isa = PBXBuildFile; fileRef = BFA078F227E22A09007B02B5 /* API.swift */; };
		BFA078F627E2A662007B02B5 /* ResponseModel.swift in Sources */ = {isa = PBXBuildFile; fileRef = BFA078F527E2A661007B02B5 /* ResponseModel.swift */; };
		BFA078FB27E2A6B9007B02B5 /* RequesModel.swift in Sources */ = {isa = PBXBuildFile; fileRef = BFA078FA27E2A6B9007B02B5 /* RequesModel.swift */; };
		BFA078FD27E374ED007B02B5 /* ListTypeTableViewCell.swift in Sources */ = {isa = PBXBuildFile; fileRef = BFA078FC27E374EC007B02B5 /* ListTypeTableViewCell.swift */; };
		BFA0790127E39F5A007B02B5 /* ValuesViewController.swift in Sources */ = {isa = PBXBuildFile; fileRef = BFA0790027E39F5A007B02B5 /* ValuesViewController.swift */; };
/* End PBXBuildFile section */

/* Begin PBXFileReference section */
		263FDDF62CF1D9EF5235F734 /* Pods_Seventhproject.framework */ = {isa = PBXFileReference; explicitFileType = wrapper.framework; includeInIndex = 0; path = Pods_Seventhproject.framework; sourceTree = BUILT_PRODUCTS_DIR; };
		59FA1F805BDA9E0227E7C1F3 /* Pods-Seventhproject.debug.xcconfig */ = {isa = PBXFileReference; includeInIndex = 1; lastKnownFileType = text.xcconfig; name = "Pods-Seventhproject.debug.xcconfig"; path = "Target Support Files/Pods-Seventhproject/Pods-Seventhproject.debug.xcconfig"; sourceTree = "<group>"; };
		A86D126799682BADAC2A4F9D /* Pods-Seventhproject.release.xcconfig */ = {isa = PBXFileReference; includeInIndex = 1; lastKnownFileType = text.xcconfig; name = "Pods-Seventhproject.release.xcconfig"; path = "Target Support Files/Pods-Seventhproject/Pods-Seventhproject.release.xcconfig"; sourceTree = "<group>"; };
		BF9FF8C227E4E79300586AB7 /* ru */ = {isa = PBXFileReference; lastKnownFileType = text.plist.strings; name = ru; path = ru.lproj/LaunchScreen.strings; sourceTree = "<group>"; };
		BF9FF8C727E4E7CA00586AB7 /* en */ = {isa = PBXFileReference; lastKnownFileType = text.plist.strings; name = en; path = en.lproj/Localizable.strings; sourceTree = "<group>"; };
		BF9FF8C927E4E7CC00586AB7 /* ru */ = {isa = PBXFileReference; lastKnownFileType = text.plist.strings; name = ru; path = ru.lproj/Localizable.strings; sourceTree = "<group>"; };
		BF9FF8CA27E50B8F00586AB7 /* Constants.swift */ = {isa = PBXFileReference; lastKnownFileType = sourcecode.swift; path = Constants.swift; sourceTree = "<group>"; };
		BF9FF8CF27E51C8D00586AB7 /* UIImageViewExtension.swift */ = {isa = PBXFileReference; lastKnownFileType = sourcecode.swift; path = UIImageViewExtension.swift; sourceTree = "<group>"; };
		BFA078D927E01122007B02B5 /* Seventhproject.app */ = {isa = PBXFileReference; explicitFileType = wrapper.application; includeInIndex = 0; path = Seventhproject.app; sourceTree = BUILT_PRODUCTS_DIR; };
		BFA078DC27E01122007B02B5 /* AppDelegate.swift */ = {isa = PBXFileReference; lastKnownFileType = sourcecode.swift; path = AppDelegate.swift; sourceTree = "<group>"; };
		BFA078DE27E01122007B02B5 /* SceneDelegate.swift */ = {isa = PBXFileReference; lastKnownFileType = sourcecode.swift; path = SceneDelegate.swift; sourceTree = "<group>"; };
		BFA078E027E01122007B02B5 /* RequestViewController.swift */ = {isa = PBXFileReference; lastKnownFileType = sourcecode.swift; path = RequestViewController.swift; sourceTree = "<group>"; };
		BFA078E527E01127007B02B5 /* Assets.xcassets */ = {isa = PBXFileReference; lastKnownFileType = folder.assetcatalog; path = Assets.xcassets; sourceTree = "<group>"; };
		BFA078E827E01127007B02B5 /* Base */ = {isa = PBXFileReference; lastKnownFileType = file.storyboard; name = Base; path = Base.lproj/LaunchScreen.storyboard; sourceTree = "<group>"; };
		BFA078EA27E01127007B02B5 /* Info.plist */ = {isa = PBXFileReference; lastKnownFileType = text.plist.xml; path = Info.plist; sourceTree = "<group>"; };
		BFA078F027E21DA2007B02B5 /* TextNumericTypeTableViewCell.swift */ = {isa = PBXFileReference; lastKnownFileType = sourcecode.swift; path = TextNumericTypeTableViewCell.swift; sourceTree = "<group>"; };
		BFA078F227E22A09007B02B5 /* API.swift */ = {isa = PBXFileReference; lastKnownFileType = sourcecode.swift; path = API.swift; sourceTree = "<group>"; };
		BFA078F527E2A661007B02B5 /* ResponseModel.swift */ = {isa = PBXFileReference; lastKnownFileType = sourcecode.swift; path = ResponseModel.swift; sourceTree = "<group>"; };
		BFA078FA27E2A6B9007B02B5 /* RequesModel.swift */ = {isa = PBXFileReference; lastKnownFileType = sourcecode.swift; path = RequesModel.swift; sourceTree = "<group>"; };
		BFA078FC27E374EC007B02B5 /* ListTypeTableViewCell.swift */ = {isa = PBXFileReference; lastKnownFileType = sourcecode.swift; path = ListTypeTableViewCell.swift; sourceTree = "<group>"; };
		BFA0790027E39F5A007B02B5 /* ValuesViewController.swift */ = {isa = PBXFileReference; lastKnownFileType = sourcecode.swift; path = ValuesViewController.swift; sourceTree = "<group>"; };
/* End PBXFileReference section */

/* Begin PBXFrameworksBuildPhase section */
		BFA078D627E01122007B02B5 /* Frameworks */ = {
			isa = PBXFrameworksBuildPhase;
			buildActionMask = 2147483647;
			files = (
				50B9DE9B9D431CA8CC2C85F1 /* Pods_Seventhproject.framework in Frameworks */,
			);
			runOnlyForDeploymentPostprocessing = 0;
		};
/* End PBXFrameworksBuildPhase section */

/* Begin PBXGroup section */
		15ABA96A3FC0B729962B943C /* Frameworks */ = {
			isa = PBXGroup;
			children = (
				263FDDF62CF1D9EF5235F734 /* Pods_Seventhproject.framework */,
			);
			name = Frameworks;
			sourceTree = "<group>";
		};
		7B048613A7378BBEDA6D9116 /* Pods */ = {
			isa = PBXGroup;
			children = (
				59FA1F805BDA9E0227E7C1F3 /* Pods-Seventhproject.debug.xcconfig */,
				A86D126799682BADAC2A4F9D /* Pods-Seventhproject.release.xcconfig */,
			);
			path = Pods;
			sourceTree = "<group>";
		};
		BF9FF8CC27E51A7200586AB7 /* Views */ = {
			isa = PBXGroup;
			children = (
				BFA078F027E21DA2007B02B5 /* TextNumericTypeTableViewCell.swift */,
				BFA078FC27E374EC007B02B5 /* ListTypeTableViewCell.swift */,
			);
			path = Views;
			sourceTree = "<group>";
		};
		BF9FF8CD27E51A9D00586AB7 /* AdditionalFiles */ = {
			isa = PBXGroup;
			children = (
				BFA078E527E01127007B02B5 /* Assets.xcassets */,
				BF9FF8C827E4E7CA00586AB7 /* Localizable.strings */,
				BF9FF8CA27E50B8F00586AB7 /* Constants.swift */,
				BFA078F227E22A09007B02B5 /* API.swift */,
				BF9FF8CF27E51C8D00586AB7 /* UIImageViewExtension.swift */,
				BFA078DC27E01122007B02B5 /* AppDelegate.swift */,
				BFA078DE27E01122007B02B5 /* SceneDelegate.swift */,
			);
			path = AdditionalFiles;
			sourceTree = "<group>";
		};
		BF9FF8CE27E51AB600586AB7 /* ViewControllers */ = {
			isa = PBXGroup;
			children = (
				BFA078E027E01122007B02B5 /* RequestViewController.swift */,
				BFA0790027E39F5A007B02B5 /* ValuesViewController.swift */,
			);
			path = ViewControllers;
			sourceTree = "<group>";
		};
		BFA078D027E01122007B02B5 = {
			isa = PBXGroup;
			children = (
				BFA078DB27E01122007B02B5 /* Seventhproject */,
				BFA078DA27E01122007B02B5 /* Products */,
				7B048613A7378BBEDA6D9116 /* Pods */,
				15ABA96A3FC0B729962B943C /* Frameworks */,
			);
			sourceTree = "<group>";
		};
		BFA078DA27E01122007B02B5 /* Products */ = {
			isa = PBXGroup;
			children = (
				BFA078D927E01122007B02B5 /* Seventhproject.app */,
			);
			name = Products;
			sourceTree = "<group>";
		};
		BFA078DB27E01122007B02B5 /* Seventhproject */ = {
			isa = PBXGroup;
			children = (
				BF9FF8CE27E51AB600586AB7 /* ViewControllers */,
				BF9FF8CD27E51A9D00586AB7 /* AdditionalFiles */,
				BF9FF8CC27E51A7200586AB7 /* Views */,
				BFA078F427E2A654007B02B5 /* Model */,
				BFA078E727E01127007B02B5 /* LaunchScreen.storyboard */,
				BFA078EA27E01127007B02B5 /* Info.plist */,
			);
			path = Seventhproject;
			sourceTree = "<group>";
		};
		BFA078F427E2A654007B02B5 /* Model */ = {
			isa = PBXGroup;
			children = (
				BFA078F527E2A661007B02B5 /* ResponseModel.swift */,
				BFA078FA27E2A6B9007B02B5 /* RequesModel.swift */,
			);
			path = Model;
			sourceTree = "<group>";
		};
/* End PBXGroup section */

/* Begin PBXNativeTarget section */
		BFA078D827E01122007B02B5 /* Seventhproject */ = {
			isa = PBXNativeTarget;
			buildConfigurationList = BFA078ED27E01127007B02B5 /* Build configuration list for PBXNativeTarget "Seventhproject" */;
			buildPhases = (
				B386526607284A8F22650C36 /* [CP] Check Pods Manifest.lock */,
				BFA078D527E01122007B02B5 /* Sources */,
				BFA078D627E01122007B02B5 /* Frameworks */,
				BFA078D727E01122007B02B5 /* Resources */,
				4C9F701415D6F1272FC80196 /* [CP] Embed Pods Frameworks */,
			);
			buildRules = (
			);
			dependencies = (
			);
			name = Seventhproject;
			productName = Seventhproject;
			productReference = BFA078D927E01122007B02B5 /* Seventhproject.app */;
			productType = "com.apple.product-type.application";
		};
/* End PBXNativeTarget section */

/* Begin PBXProject section */
		BFA078D127E01122007B02B5 /* Project object */ = {
			isa = PBXProject;
			attributes = {
				BuildIndependentTargetsInParallel = 1;
				LastSwiftUpdateCheck = 1320;
				LastUpgradeCheck = 1320;
				TargetAttributes = {
					BFA078D827E01122007B02B5 = {
						CreatedOnToolsVersion = 13.2.1;
					};
				};
			};
			buildConfigurationList = BFA078D427E01122007B02B5 /* Build configuration list for PBXProject "Seventhproject" */;
			compatibilityVersion = "Xcode 13.0";
			developmentRegion = en;
			hasScannedForEncodings = 0;
			knownRegions = (
				en,
				Base,
				ru,
			);
			mainGroup = BFA078D027E01122007B02B5;
			productRefGroup = BFA078DA27E01122007B02B5 /* Products */;
			projectDirPath = "";
			projectRoot = "";
			targets = (
				BFA078D827E01122007B02B5 /* Seventhproject */,
			);
		};
/* End PBXProject section */

/* Begin PBXResourcesBuildPhase section */
		BFA078D727E01122007B02B5 /* Resources */ = {
			isa = PBXResourcesBuildPhase;
			buildActionMask = 2147483647;
			files = (
				BFA078E927E01127007B02B5 /* LaunchScreen.storyboard in Resources */,
				BF9FF8C627E4E7CA00586AB7 /* Localizable.strings in Resources */,
				BFA078E627E01127007B02B5 /* Assets.xcassets in Resources */,
			);
			runOnlyForDeploymentPostprocessing = 0;
		};
/* End PBXResourcesBuildPhase section */

/* Begin PBXShellScriptBuildPhase section */
		4C9F701415D6F1272FC80196 /* [CP] Embed Pods Frameworks */ = {
			isa = PBXShellScriptBuildPhase;
			buildActionMask = 2147483647;
			files = (
			);
			inputFileListPaths = (
				"${PODS_ROOT}/Target Support Files/Pods-Seventhproject/Pods-Seventhproject-frameworks-${CONFIGURATION}-input-files.xcfilelist",
			);
			name = "[CP] Embed Pods Frameworks";
			outputFileListPaths = (
				"${PODS_ROOT}/Target Support Files/Pods-Seventhproject/Pods-Seventhproject-frameworks-${CONFIGURATION}-output-files.xcfilelist",
			);
			runOnlyForDeploymentPostprocessing = 0;
			shellPath = /bin/sh;
			shellScript = "\"${PODS_ROOT}/Target Support Files/Pods-Seventhproject/Pods-Seventhproject-frameworks.sh\"\n";
			showEnvVarsInLog = 0;
		};
		B386526607284A8F22650C36 /* [CP] Check Pods Manifest.lock */ = {
			isa = PBXShellScriptBuildPhase;
			buildActionMask = 2147483647;
			files = (
			);
			inputFileListPaths = (
			);
			inputPaths = (
				"${PODS_PODFILE_DIR_PATH}/Podfile.lock",
				"${PODS_ROOT}/Manifest.lock",
			);
			name = "[CP] Check Pods Manifest.lock";
			outputFileListPaths = (
			);
			outputPaths = (
				"$(DERIVED_FILE_DIR)/Pods-Seventhproject-checkManifestLockResult.txt",
			);
			runOnlyForDeploymentPostprocessing = 0;
			shellPath = /bin/sh;
			shellScript = "diff \"${PODS_PODFILE_DIR_PATH}/Podfile.lock\" \"${PODS_ROOT}/Manifest.lock\" > /dev/null\nif [ $? != 0 ] ; then\n    # print error to STDERR\n    echo \"error: The sandbox is not in sync with the Podfile.lock. Run 'pod install' or update your CocoaPods installation.\" >&2\n    exit 1\nfi\n# This output is used by Xcode 'outputs' to avoid re-running this script phase.\necho \"SUCCESS\" > \"${SCRIPT_OUTPUT_FILE_0}\"\n";
			showEnvVarsInLog = 0;
		};
/* End PBXShellScriptBuildPhase section */

/* Begin PBXSourcesBuildPhase section */
		BFA078D527E01122007B02B5 /* Sources */ = {
			isa = PBXSourcesBuildPhase;
			buildActionMask = 2147483647;
			files = (
				BFA078E127E01122007B02B5 /* RequestViewController.swift in Sources */,
				BFA078F127E21DA3007B02B5 /* TextNumericTypeTableViewCell.swift in Sources */,
				BFA0790127E39F5A007B02B5 /* ValuesViewController.swift in Sources */,
				BFA078DD27E01122007B02B5 /* AppDelegate.swift in Sources */,
				BFA078DF27E01122007B02B5 /* SceneDelegate.swift in Sources */,
				BF9FF8CB27E50B8F00586AB7 /* Constants.swift in Sources */,
				BFA078FB27E2A6B9007B02B5 /* RequesModel.swift in Sources */,
				BFA078F627E2A662007B02B5 /* ResponseModel.swift in Sources */,
				BFA078F327E22A09007B02B5 /* API.swift in Sources */,
				BF9FF8D027E51C8D00586AB7 /* UIImageViewExtension.swift in Sources */,
				BFA078FD27E374ED007B02B5 /* ListTypeTableViewCell.swift in Sources */,
			);
			runOnlyForDeploymentPostprocessing = 0;
		};
/* End PBXSourcesBuildPhase section */

/* Begin PBXVariantGroup section */
		BF9FF8C827E4E7CA00586AB7 /* Localizable.strings */ = {
			isa = PBXVariantGroup;
			children = (
				BF9FF8C727E4E7CA00586AB7 /* en */,
				BF9FF8C927E4E7CC00586AB7 /* ru */,
			);
			name = Localizable.strings;
			sourceTree = "<group>";
		};
		BFA078E727E01127007B02B5 /* LaunchScreen.storyboard */ = {
			isa = PBXVariantGroup;
			children = (
				BFA078E827E01127007B02B5 /* Base */,
				BF9FF8C227E4E79300586AB7 /* ru */,
			);
			name = LaunchScreen.storyboard;
			sourceTree = "<group>";
		};
/* End PBXVariantGroup section */

/* Begin XCBuildConfiguration section */
		BFA078EB27E01127007B02B5 /* Debug */ = {
			isa = XCBuildConfiguration;
			buildSettings = {
				ALWAYS_SEARCH_USER_PATHS = NO;
				CLANG_ANALYZER_LOCALIZABILITY_NONLOCALIZED = YES;
				CLANG_ANALYZER_NONNULL = YES;
				CLANG_ANALYZER_NUMBER_OBJECT_CONVERSION = YES_AGGRESSIVE;
				CLANG_CXX_LANGUAGE_STANDARD = "gnu++17";
				CLANG_CXX_LIBRARY = "libc++";
				CLANG_ENABLE_MODULES = YES;
				CLANG_ENABLE_OBJC_ARC = YES;
				CLANG_ENABLE_OBJC_WEAK = YES;
				CLANG_WARN_BLOCK_CAPTURE_AUTORELEASING = YES;
				CLANG_WARN_BOOL_CONVERSION = YES;
				CLANG_WARN_COMMA = YES;
				CLANG_WARN_CONSTANT_CONVERSION = YES;
				CLANG_WARN_DEPRECATED_OBJC_IMPLEMENTATIONS = YES;
				CLANG_WARN_DIRECT_OBJC_ISA_USAGE = YES_ERROR;
				CLANG_WARN_DOCUMENTATION_COMMENTS = YES;
				CLANG_WARN_EMPTY_BODY = YES;
				CLANG_WARN_ENUM_CONVERSION = YES;
				CLANG_WARN_INFINITE_RECURSION = YES;
				CLANG_WARN_INT_CONVERSION = YES;
				CLANG_WARN_NON_LITERAL_NULL_CONVERSION = YES;
				CLANG_WARN_OBJC_IMPLICIT_RETAIN_SELF = YES;
				CLANG_WARN_OBJC_LITERAL_CONVERSION = YES;
				CLANG_WARN_OBJC_ROOT_CLASS = YES_ERROR;
				CLANG_WARN_QUOTED_INCLUDE_IN_FRAMEWORK_HEADER = YES;
				CLANG_WARN_RANGE_LOOP_ANALYSIS = YES;
				CLANG_WARN_STRICT_PROTOTYPES = YES;
				CLANG_WARN_SUSPICIOUS_MOVE = YES;
				CLANG_WARN_UNGUARDED_AVAILABILITY = YES_AGGRESSIVE;
				CLANG_WARN_UNREACHABLE_CODE = YES;
				CLANG_WARN__DUPLICATE_METHOD_MATCH = YES;
				COPY_PHASE_STRIP = NO;
				DEBUG_INFORMATION_FORMAT = dwarf;
				ENABLE_STRICT_OBJC_MSGSEND = YES;
				ENABLE_TESTABILITY = YES;
				GCC_C_LANGUAGE_STANDARD = gnu11;
				GCC_DYNAMIC_NO_PIC = NO;
				GCC_NO_COMMON_BLOCKS = YES;
				GCC_OPTIMIZATION_LEVEL = 0;
				GCC_PREPROCESSOR_DEFINITIONS = (
					"DEBUG=1",
					"$(inherited)",
				);
				GCC_WARN_64_TO_32_BIT_CONVERSION = YES;
				GCC_WARN_ABOUT_RETURN_TYPE = YES_ERROR;
				GCC_WARN_UNDECLARED_SELECTOR = YES;
				GCC_WARN_UNINITIALIZED_AUTOS = YES_AGGRESSIVE;
				GCC_WARN_UNUSED_FUNCTION = YES;
				GCC_WARN_UNUSED_VARIABLE = YES;
				IPHONEOS_DEPLOYMENT_TARGET = 15.2;
				MTL_ENABLE_DEBUG_INFO = INCLUDE_SOURCE;
				MTL_FAST_MATH = YES;
				ONLY_ACTIVE_ARCH = YES;
				SDKROOT = iphoneos;
				SWIFT_ACTIVE_COMPILATION_CONDITIONS = DEBUG;
				SWIFT_OPTIMIZATION_LEVEL = "-Onone";
			};
			name = Debug;
		};
		BFA078EC27E01127007B02B5 /* Release */ = {
			isa = XCBuildConfiguration;
			buildSettings = {
				ALWAYS_SEARCH_USER_PATHS = NO;
				CLANG_ANALYZER_LOCALIZABILITY_NONLOCALIZED = YES;
				CLANG_ANALYZER_NONNULL = YES;
				CLANG_ANALYZER_NUMBER_OBJECT_CONVERSION = YES_AGGRESSIVE;
				CLANG_CXX_LANGUAGE_STANDARD = "gnu++17";
				CLANG_CXX_LIBRARY = "libc++";
				CLANG_ENABLE_MODULES = YES;
				CLANG_ENABLE_OBJC_ARC = YES;
				CLANG_ENABLE_OBJC_WEAK = YES;
				CLANG_WARN_BLOCK_CAPTURE_AUTORELEASING = YES;
				CLANG_WARN_BOOL_CONVERSION = YES;
				CLANG_WARN_COMMA = YES;
				CLANG_WARN_CONSTANT_CONVERSION = YES;
				CLANG_WARN_DEPRECATED_OBJC_IMPLEMENTATIONS = YES;
				CLANG_WARN_DIRECT_OBJC_ISA_USAGE = YES_ERROR;
				CLANG_WARN_DOCUMENTATION_COMMENTS = YES;
				CLANG_WARN_EMPTY_BODY = YES;
				CLANG_WARN_ENUM_CONVERSION = YES;
				CLANG_WARN_INFINITE_RECURSION = YES;
				CLANG_WARN_INT_CONVERSION = YES;
				CLANG_WARN_NON_LITERAL_NULL_CONVERSION = YES;
				CLANG_WARN_OBJC_IMPLICIT_RETAIN_SELF = YES;
				CLANG_WARN_OBJC_LITERAL_CONVERSION = YES;
				CLANG_WARN_OBJC_ROOT_CLASS = YES_ERROR;
				CLANG_WARN_QUOTED_INCLUDE_IN_FRAMEWORK_HEADER = YES;
				CLANG_WARN_RANGE_LOOP_ANALYSIS = YES;
				CLANG_WARN_STRICT_PROTOTYPES = YES;
				CLANG_WARN_SUSPICIOUS_MOVE = YES;
				CLANG_WARN_UNGUARDED_AVAILABILITY = YES_AGGRESSIVE;
				CLANG_WARN_UNREACHABLE_CODE = YES;
				CLANG_WARN__DUPLICATE_METHOD_MATCH = YES;
				COPY_PHASE_STRIP = NO;
				DEBUG_INFORMATION_FORMAT = "dwarf-with-dsym";
				ENABLE_NS_ASSERTIONS = NO;
				ENABLE_STRICT_OBJC_MSGSEND = YES;
				GCC_C_LANGUAGE_STANDARD = gnu11;
				GCC_NO_COMMON_BLOCKS = YES;
				GCC_WARN_64_TO_32_BIT_CONVERSION = YES;
				GCC_WARN_ABOUT_RETURN_TYPE = YES_ERROR;
				GCC_WARN_UNDECLARED_SELECTOR = YES;
				GCC_WARN_UNINITIALIZED_AUTOS = YES_AGGRESSIVE;
				GCC_WARN_UNUSED_FUNCTION = YES;
				GCC_WARN_UNUSED_VARIABLE = YES;
				IPHONEOS_DEPLOYMENT_TARGET = 15.2;
				MTL_ENABLE_DEBUG_INFO = NO;
				MTL_FAST_MATH = YES;
				SDKROOT = iphoneos;
				SWIFT_COMPILATION_MODE = wholemodule;
				SWIFT_OPTIMIZATION_LEVEL = "-O";
				VALIDATE_PRODUCT = YES;
			};
			name = Release;
		};
		BFA078EE27E01127007B02B5 /* Debug */ = {
			isa = XCBuildConfiguration;
			baseConfigurationReference = 59FA1F805BDA9E0227E7C1F3 /* Pods-Seventhproject.debug.xcconfig */;
			buildSettings = {
				ASSETCATALOG_COMPILER_APPICON_NAME = AppIcon;
				ASSETCATALOG_COMPILER_GLOBAL_ACCENT_COLOR_NAME = AccentColor;
				CODE_SIGN_STYLE = Automatic;
				CURRENT_PROJECT_VERSION = 1;
				DEVELOPMENT_TEAM = WN5VMWRJC6;
				GENERATE_INFOPLIST_FILE = YES;
				INFOPLIST_FILE = Seventhproject/Info.plist;
				INFOPLIST_KEY_UIApplicationSupportsIndirectInputEvents = YES;
				INFOPLIST_KEY_UILaunchStoryboardName = LaunchScreen;
				INFOPLIST_KEY_UISupportedInterfaceOrientations_iPad = "UIInterfaceOrientationPortrait UIInterfaceOrientationPortraitUpsideDown UIInterfaceOrientationLandscapeLeft UIInterfaceOrientationLandscapeRight";
				INFOPLIST_KEY_UISupportedInterfaceOrientations_iPhone = "UIInterfaceOrientationPortrait UIInterfaceOrientationLandscapeLeft UIInterfaceOrientationLandscapeRight";
				LD_RUNPATH_SEARCH_PATHS = (
					"$(inherited)",
					"@executable_path/Frameworks",
				);
				MARKETING_VERSION = 1.0;
				PRODUCT_BUNDLE_IDENTIFIER = clevertec.Marchenko.Seventhproject;
				PRODUCT_NAME = "$(TARGET_NAME)";
				SWIFT_EMIT_LOC_STRINGS = YES;
				SWIFT_VERSION = 5.0;
				TARGETED_DEVICE_FAMILY = "1,2";
			};
			name = Debug;
		};
		BFA078EF27E01127007B02B5 /* Release */ = {
			isa = XCBuildConfiguration;
			baseConfigurationReference = A86D126799682BADAC2A4F9D /* Pods-Seventhproject.release.xcconfig */;
			buildSettings = {
				ASSETCATALOG_COMPILER_APPICON_NAME = AppIcon;
				ASSETCATALOG_COMPILER_GLOBAL_ACCENT_COLOR_NAME = AccentColor;
				CODE_SIGN_STYLE = Automatic;
				CURRENT_PROJECT_VERSION = 1;
				DEVELOPMENT_TEAM = WN5VMWRJC6;
				GENERATE_INFOPLIST_FILE = YES;
				INFOPLIST_FILE = Seventhproject/Info.plist;
				INFOPLIST_KEY_UIApplicationSupportsIndirectInputEvents = YES;
				INFOPLIST_KEY_UILaunchStoryboardName = LaunchScreen;
				INFOPLIST_KEY_UISupportedInterfaceOrientations_iPad = "UIInterfaceOrientationPortrait UIInterfaceOrientationPortraitUpsideDown UIInterfaceOrientationLandscapeLeft UIInterfaceOrientationLandscapeRight";
				INFOPLIST_KEY_UISupportedInterfaceOrientations_iPhone = "UIInterfaceOrientationPortrait UIInterfaceOrientationLandscapeLeft UIInterfaceOrientationLandscapeRight";
				LD_RUNPATH_SEARCH_PATHS = (
					"$(inherited)",
					"@executable_path/Frameworks",
				);
				MARKETING_VERSION = 1.0;
				PRODUCT_BUNDLE_IDENTIFIER = clevertec.Marchenko.Seventhproject;
				PRODUCT_NAME = "$(TARGET_NAME)";
				SWIFT_EMIT_LOC_STRINGS = YES;
				SWIFT_VERSION = 5.0;
				TARGETED_DEVICE_FAMILY = "1,2";
			};
			name = Release;
		};
/* End XCBuildConfiguration section */

/* Begin XCConfigurationList section */
		BFA078D427E01122007B02B5 /* Build configuration list for PBXProject "Seventhproject" */ = {
			isa = XCConfigurationList;
			buildConfigurations = (
				BFA078EB27E01127007B02B5 /* Debug */,
				BFA078EC27E01127007B02B5 /* Release */,
			);
			defaultConfigurationIsVisible = 0;
			defaultConfigurationName = Release;
		};
		BFA078ED27E01127007B02B5 /* Build configuration list for PBXNativeTarget "Seventhproject" */ = {
			isa = XCConfigurationList;
			buildConfigurations = (
				BFA078EE27E01127007B02B5 /* Debug */,
				BFA078EF27E01127007B02B5 /* Release */,
			);
			defaultConfigurationIsVisible = 0;
			defaultConfigurationName = Release;
		};
/* End XCConfigurationList section */
	};
	rootObject = BFA078D127E01122007B02B5 /* Project object */;
}
